
Microsoft Visual Studio Solution File, Format Version 12.00
# Visual Studio Version 17
VisualStudioVersion = 17.14.36429.23 d17.14
MinimumVisualStudioVersion = 10.0.40219.1
Project("{FAE04EC0-301F-11D3-BF4B-00C04F79EFBC}") = "Loginform", "Loginform\Loginform.csproj", "{6103020A-05AE-42CD-9D10-AB85B9EEACC9}"
EndProject
Global
	GlobalSection(SolutionConfigurationPlatforms) = preSolution
		Debug|Any CPU = Debug|Any CPU
		Release|Any CPU = Release|Any CPU
	EndGlobalSection
	GlobalSection(ProjectConfigurationPlatforms) = postSolution
		{6103020A-05AE-42CD-9D10-AB85B9EEACC9}.Debug|Any CPU.ActiveCfg = Debug|Any CPU
		{6103020A-05AE-42CD-9D10-AB85B9EEACC9}.Debug|Any CPU.Build.0 = Debug|Any CPU
		{6103020A-05AE-42CD-9D10-AB85B9EEACC9}.Release|Any CPU.ActiveCfg = Release|Any CPU
		{6103020A-05AE-42CD-9D10-AB85B9EEACC9}.Release|Any CPU.Build.0 = Release|Any CPU
	EndGlobalSection
	GlobalSection(SolutionProperties) = preSolution
		HideSolutionNode = FALSE
	EndGlobalSection
	GlobalSection(ExtensibilityGlobals) = postSolution
		SolutionGuid = {2AD53B8D-136B-4B35-9C61-F2AFFF186F08}
	EndGlobalSection
EndGlobal
